
Microsoft Visual Studio Solution File, Format Version 12.00
# Visual Studio Version 17
VisualStudioVersion = 17.9.34728.123
MinimumVisualStudioVersion = 10.0.40219.1
Project("{9A19103F-16F7-4668-BE54-9A1E7A4F7556}") = "Domain", "Domain\Domain.csproj", "{7BCB5800-1C4E-4C85-BF04-C08C9EEA05BB}"
EndProject
Project("{9A19103F-16F7-4668-BE54-9A1E7A4F7556}") = "Infrastructure", "Infrastructure\Infrastructure.csproj", "{ABA2AB3C-731B-4DAC-9776-647BA87C7E32}"
EndProject
Project("{9A19103F-16F7-4668-BE54-9A1E7A4F7556}") = "Application", "Application\Application.csproj", "{DFD68868-7C47-46C4-9192-8E5C926F4F13}"
EndProject
Project("{FAE04EC0-301F-11D3-BF4B-00C04F79EFBC}") = "API", "API\API.csproj", "{013CF43B-6289-47D7-9EE0-520BBDEECE6E}"
EndProject
Global
	GlobalSection(SolutionConfigurationPlatforms) = preSolution
		Debug|Any CPU = Debug|Any CPU
		Release|Any CPU = Release|Any CPU
	EndGlobalSection
	GlobalSection(ProjectConfigurationPlatforms) = postSolution
		{7BCB5800-1C4E-4C85-BF04-C08C9EEA05BB}.Debug|Any CPU.ActiveCfg = Debug|Any CPU
		{7BCB5800-1C4E-4C85-BF04-C08C9EEA05BB}.Debug|Any CPU.Build.0 = Debug|Any CPU
		{7BCB5800-1C4E-4C85-BF04-C08C9EEA05BB}.Release|Any CPU.ActiveCfg = Release|Any CPU
		{7BCB5800-1C4E-4C85-BF04-C08C9EEA05BB}.Release|Any CPU.Build.0 = Release|Any CPU
		{ABA2AB3C-731B-4DAC-9776-647BA87C7E32}.Debug|Any CPU.ActiveCfg = Debug|Any CPU
		{ABA2AB3C-731B-4DAC-9776-647BA87C7E32}.Debug|Any CPU.Build.0 = Debug|Any CPU
		{ABA2AB3C-731B-4DAC-9776-647BA87C7E32}.Release|Any CPU.ActiveCfg = Release|Any CPU
		{ABA2AB3C-731B-4DAC-9776-647BA87C7E32}.Release|Any CPU.Build.0 = Release|Any CPU
		{DFD68868-7C47-46C4-9192-8E5C926F4F13}.Debug|Any CPU.ActiveCfg = Debug|Any CPU
		{DFD68868-7C47-46C4-9192-8E5C926F4F13}.Debug|Any CPU.Build.0 = Debug|Any CPU
		{DFD68868-7C47-46C4-9192-8E5C926F4F13}.Release|Any CPU.ActiveCfg = Release|Any CPU
		{DFD68868-7C47-46C4-9192-8E5C926F4F13}.Release|Any CPU.Build.0 = Release|Any CPU
		{013CF43B-6289-47D7-9EE0-520BBDEECE6E}.Debug|Any CPU.ActiveCfg = Debug|Any CPU
		{013CF43B-6289-47D7-9EE0-520BBDEECE6E}.Debug|Any CPU.Build.0 = Debug|Any CPU
		{013CF43B-6289-47D7-9EE0-520BBDEECE6E}.Release|Any CPU.ActiveCfg = Release|Any CPU
		{013CF43B-6289-47D7-9EE0-520BBDEECE6E}.Release|Any CPU.Build.0 = Release|Any CPU
	EndGlobalSection
	GlobalSection(SolutionProperties) = preSolution
		HideSolutionNode = FALSE
	EndGlobalSection
	GlobalSection(ExtensibilityGlobals) = postSolution
		SolutionGuid = {6C574EAD-1BAD-4248-8415-A580D89C4D92}
	EndGlobalSection
EndGlobal
